
Microsoft Visual Studio Solution File, Format Version 12.00
# Visual Studio Version 17
VisualStudioVersion = 17.6.33815.320
MinimumVisualStudioVersion = 10.0.40219.1
Project("{9A19103F-16F7-4668-BE54-9A1E7A4F7556}") = "BlazorApp", "BlazorApp\BlazorApp.csproj", "{2EC828A1-2137-4CEF-95C3-CA5EFF78AF68}"
EndProject
Global
	GlobalSection(SolutionConfigurationPlatforms) = preSolution
		Debug|Any CPU = Debug|Any CPU
		Release|Any CPU = Release|Any CPU
	EndGlobalSection
	GlobalSection(ProjectConfigurationPlatforms) = postSolution
		{2EC828A1-2137-4CEF-95C3-CA5EFF78AF68}.Debug|Any CPU.ActiveCfg = Debug|Any CPU
		{2EC828A1-2137-4CEF-95C3-CA5EFF78AF68}.Debug|Any CPU.Build.0 = Debug|Any CPU
		{2EC828A1-2137-4CEF-95C3-CA5EFF78AF68}.Release|Any CPU.ActiveCfg = Release|Any CPU
		{2EC828A1-2137-4CEF-95C3-CA5EFF78AF68}.Release|Any CPU.Build.0 = Release|Any CPU
	EndGlobalSection
	GlobalSection(SolutionProperties) = preSolution
		HideSolutionNode = FALSE
	EndGlobalSection
	GlobalSection(ExtensibilityGlobals) = postSolution
		SolutionGuid = {E31ADE7D-907E-47C7-9C42-E49459AE814E}
	EndGlobalSection
EndGlobal
